
Microsoft Visual Studio Solution File, Format Version 12.00
# Visual Studio Version 16
VisualStudioVersion = 16.0.32510.428
MinimumVisualStudioVersion = 10.0.40219.1
Project("{9A19103F-16F7-4668-BE54-9A1E7A4F7556}") = "WebApi", "WebApi\WebApi.csproj", "{EF05174B-1B6E-4820-8A5C-BAA573DB6395}"
EndProject
Project("{FAE04EC0-301F-11D3-BF4B-00C04F79EFBC}") = "Entities", "Entities\Entities.csproj", "{DD539112-50AA-4867-BD89-866EFA2E35D2}"
EndProject
Global
	GlobalSection(SolutionConfigurationPlatforms) = preSolution
		Debug|Any CPU = Debug|Any CPU
		Release|Any CPU = Release|Any CPU
	EndGlobalSection
	GlobalSection(ProjectConfigurationPlatforms) = postSolution
		{EF05174B-1B6E-4820-8A5C-BAA573DB6395}.Debug|Any CPU.ActiveCfg = Debug|Any CPU
		{EF05174B-1B6E-4820-8A5C-BAA573DB6395}.Debug|Any CPU.Build.0 = Debug|Any CPU
		{EF05174B-1B6E-4820-8A5C-BAA573DB6395}.Release|Any CPU.ActiveCfg = Release|Any CPU
		{EF05174B-1B6E-4820-8A5C-BAA573DB6395}.Release|Any CPU.Build.0 = Release|Any CPU
		{DD539112-50AA-4867-BD89-866EFA2E35D2}.Debug|Any CPU.ActiveCfg = Debug|Any CPU
		{DD539112-50AA-4867-BD89-866EFA2E35D2}.Debug|Any CPU.Build.0 = Debug|Any CPU
		{DD539112-50AA-4867-BD89-866EFA2E35D2}.Release|Any CPU.ActiveCfg = Release|Any CPU
		{DD539112-50AA-4867-BD89-866EFA2E35D2}.Release|Any CPU.Build.0 = Release|Any CPU
	EndGlobalSection
	GlobalSection(SolutionProperties) = preSolution
		HideSolutionNode = FALSE
	EndGlobalSection
	GlobalSection(ExtensibilityGlobals) = postSolution
		SolutionGuid = {F2F51384-AFA6-4DE4-8EF6-50BEF90190A0}
	EndGlobalSection
EndGlobal
